
Microsoft Visual Studio Solution File, Format Version 12.00
# Visual Studio Version 17
VisualStudioVersion = 17.8.34309.116
MinimumVisualStudioVersion = 10.0.40219.1
Project("{FAE04EC0-301F-11D3-BF4B-00C04F79EFBC}") = "Api", "Api\Api.csproj", "{CF6F5036-4113-45A9-8996-8FF5CE36A091}"
EndProject
Global
	GlobalSection(SolutionConfigurationPlatforms) = preSolution
		Debug|Any CPU = Debug|Any CPU
		Release|Any CPU = Release|Any CPU
	EndGlobalSection
	GlobalSection(ProjectConfigurationPlatforms) = postSolution
		{CF6F5036-4113-45A9-8996-8FF5CE36A091}.Debug|Any CPU.ActiveCfg = Debug|Any CPU
		{CF6F5036-4113-45A9-8996-8FF5CE36A091}.Debug|Any CPU.Build.0 = Debug|Any CPU
		{CF6F5036-4113-45A9-8996-8FF5CE36A091}.Release|Any CPU.ActiveCfg = Release|Any CPU
		{CF6F5036-4113-45A9-8996-8FF5CE36A091}.Release|Any CPU.Build.0 = Release|Any CPU
	EndGlobalSection
	GlobalSection(SolutionProperties) = preSolution
		HideSolutionNode = FALSE
	EndGlobalSection
	GlobalSection(ExtensibilityGlobals) = postSolution
		SolutionGuid = {CB949BCF-234E-4009-BA03-F930A9C4B0BA}
	EndGlobalSection
EndGlobal
